// !$*UTF8*$!
{
	archiveVersion = 1;
	classes = {
	};
	objectVersion = 50;
	objects = {

/* Begin PBXBuildFile section */
		ED74706B25DD93AD00ADDE85 /* ProtypeApp.swift in Sources */ = {isa = PBXBuildFile; fileRef = ED74706A25DD93AD00ADDE85 /* ProtypeApp.swift */; };
		ED74706D25DD93AD00ADDE85 /* ContentView.swift in Sources */ = {isa = PBXBuildFile; fileRef = ED74706C25DD93AD00ADDE85 /* ContentView.swift */; };
		ED74706F25DD93B200ADDE85 /* Assets.xcassets in Resources */ = {isa = PBXBuildFile; fileRef = ED74706E25DD93B200ADDE85 /* Assets.xcassets */; };
		ED74707225DD93B200ADDE85 /* Preview Assets.xcassets in Resources */ = {isa = PBXBuildFile; fileRef = ED74707125DD93B200ADDE85 /* Preview Assets.xcassets */; };
		ED74707D25DD93B300ADDE85 /* ProtypeTests.swift in Sources */ = {isa = PBXBuildFile; fileRef = ED74707C25DD93B300ADDE85 /* ProtypeTests.swift */; };
		ED74708825DD93B300ADDE85 /* ProtypeUITests.swift in Sources */ = {isa = PBXBuildFile; fileRef = ED74708725DD93B300ADDE85 /* ProtypeUITests.swift */; };
/* End PBXBuildFile section */

/* Begin PBXContainerItemProxy section */
		ED74707925DD93B300ADDE85 /* PBXContainerItemProxy */ = {
			isa = PBXContainerItemProxy;
			containerPortal = ED74705F25DD93AD00ADDE85 /* Project object */;
			proxyType = 1;
			remoteGlobalIDString = ED74706625DD93AD00ADDE85;
			remoteInfo = Protype;
		};
		ED74708425DD93B300ADDE85 /* PBXContainerItemProxy */ = {
			isa = PBXContainerItemProxy;
			containerPortal = ED74705F25DD93AD00ADDE85 /* Project object */;
			proxyType = 1;
			remoteGlobalIDString = ED74706625DD93AD00ADDE85;
			remoteInfo = Protype;
		};
/* End PBXContainerItemProxy section */

/* Begin PBXFileReference section */
		ED74706725DD93AD00ADDE85 /* Protype.app */ = {isa = PBXFileReference; explicitFileType = wrapper.application; includeInIndex = 0; path = Protype.app; sourceTree = BUILT_PRODUCTS_DIR; };
		ED74706A25DD93AD00ADDE85 /* ProtypeApp.swift */ = {isa = PBXFileReference; lastKnownFileType = sourcecode.swift; path = ProtypeApp.swift; sourceTree = "<group>"; };
		ED74706C25DD93AD00ADDE85 /* ContentView.swift */ = {isa = PBXFileReference; lastKnownFileType = sourcecode.swift; path = ContentView.swift; sourceTree = "<group>"; };
		ED74706E25DD93B200ADDE85 /* Assets.xcassets */ = {isa = PBXFileReference; lastKnownFileType = folder.assetcatalog; path = Assets.xcassets; sourceTree = "<group>"; };
		ED74707125DD93B200ADDE85 /* Preview Assets.xcassets */ = {isa = PBXFileReference; lastKnownFileType = folder.assetcatalog; path = "Preview Assets.xcassets"; sourceTree = "<group>"; };
		ED74707325DD93B300ADDE85 /* Info.plist */ = {isa = PBXFileReference; lastKnownFileType = text.plist.xml; path = Info.plist; sourceTree = "<group>"; };
		ED74707825DD93B300ADDE85 /* ProtypeTests.xctest */ = {isa = PBXFileReference; explicitFileType = wrapper.cfbundle; includeInIndex = 0; path = ProtypeTests.xctest; sourceTree = BUILT_PRODUCTS_DIR; };
		ED74707C25DD93B300ADDE85 /* ProtypeTests.swift */ = {isa = PBXFileReference; lastKnownFileType = sourcecode.swift; path = ProtypeTests.swift; sourceTree = "<group>"; };
		ED74707E25DD93B300ADDE85 /* Info.plist */ = {isa = PBXFileReference; lastKnownFileType = text.plist.xml; path = Info.plist; sourceTree = "<group>"; };
		ED74708325DD93B300ADDE85 /* ProtypeUITests.xctest */ = {isa = PBXFileReference; explicitFileType = wrapper.cfbundle; includeInIndex = 0; path = ProtypeUITests.xctest; sourceTree = BUILT_PRODUCTS_DIR; };
		ED74708725DD93B300ADDE85 /* ProtypeUITests.swift */ = {isa = PBXFileReference; lastKnownFileType = sourcecode.swift; path = ProtypeUITests.swift; sourceTree = "<group>"; };
		ED74708925DD93B300ADDE85 /* Info.plist */ = {isa = PBXFileReference; lastKnownFileType = text.plist.xml; path = Info.plist; sourceTree = "<group>"; };
/* End PBXFileReference section */

/* Begin PBXFrameworksBuildPhase section */
		ED74706425DD93AD00ADDE85 /* Frameworks */ = {
			isa = PBXFrameworksBuildPhase;
			buildActionMask = 2147483647;
			files = (
			);
			runOnlyForDeploymentPostprocessing = 0;
		};
		ED74707525DD93B300ADDE85 /* Frameworks */ = {
			isa = PBXFrameworksBuildPhase;
			buildActionMask = 2147483647;
			files = (
			);
			runOnlyForDeploymentPostprocessing = 0;
		};
		ED74708025DD93B300ADDE85 /* Frameworks */ = {
			isa = PBXFrameworksBuildPhase;
			buildActionMask = 2147483647;
			files = (
			);
			runOnlyForDeploymentPostprocessing = 0;
		};
/* End PBXFrameworksBuildPhase section */

/* Begin PBXGroup section */
		ED74705E25DD93AD00ADDE85 = {
			isa = PBXGroup;
			children = (
				ED74706925DD93AD00ADDE85 /* Protype */,
				ED74707B25DD93B300ADDE85 /* ProtypeTests */,
				ED74708625DD93B300ADDE85 /* ProtypeUITests */,
				ED74706825DD93AD00ADDE85 /* Products */,
			);
			sourceTree = "<group>";
		};
		ED74706825DD93AD00ADDE85 /* Products */ = {
			isa = PBXGroup;
			children = (
				ED74706725DD93AD00ADDE85 /* Protype.app */,
				ED74707825DD93B300ADDE85 /* ProtypeTests.xctest */,
				ED74708325DD93B300ADDE85 /* ProtypeUITests.xctest */,
			);
			name = Products;
			sourceTree = "<group>";
		};
		ED74706925DD93AD00ADDE85 /* Protype */ = {
			isa = PBXGroup;
			children = (
				ED74706A25DD93AD00ADDE85 /* ProtypeApp.swift */,
				ED74706C25DD93AD00ADDE85 /* ContentView.swift */,
				ED74706E25DD93B200ADDE85 /* Assets.xcassets */,
				ED74707325DD93B300ADDE85 /* Info.plist */,
				ED74707025DD93B200ADDE85 /* Preview Content */,
			);
			path = Protype;
			sourceTree = "<group>";
		};
		ED74707025DD93B200ADDE85 /* Preview Content */ = {
			isa = PBXGroup;
			children = (
				ED74707125DD93B200ADDE85 /* Preview Assets.xcassets */,
			);
			path = "Preview Content";
			sourceTree = "<group>";
		};
		ED74707B25DD93B300ADDE85 /* ProtypeTests */ = {
			isa = PBXGroup;
			children = (
				ED74707C25DD93B300ADDE85 /* ProtypeTests.swift */,
				ED74707E25DD93B300ADDE85 /* Info.plist */,
			);
			path = ProtypeTests;
			sourceTree = "<group>";
		};
		ED74708625DD93B300ADDE85 /* ProtypeUITests */ = {
			isa = PBXGroup;
			children = (
				ED74708725DD93B300ADDE85 /* ProtypeUITests.swift */,
				ED74708925DD93B300ADDE85 /* Info.plist */,
			);
			path = ProtypeUITests;
			sourceTree = "<group>";
		};
/* End PBXGroup section */

/* Begin PBXNativeTarget section */
		ED74706625DD93AD00ADDE85 /* Protype */ = {
			isa = PBXNativeTarget;
			buildConfigurationList = ED74708C25DD93B300ADDE85 /* Build configuration list for PBXNativeTarget "Protype" */;
			buildPhases = (
				ED74706325DD93AD00ADDE85 /* Sources */,
				ED74706425DD93AD00ADDE85 /* Frameworks */,
				ED74706525DD93AD00ADDE85 /* Resources */,
			);
			buildRules = (
			);
			dependencies = (
			);
			name = Protype;
			productName = Protype;
			productReference = ED74706725DD93AD00ADDE85 /* Protype.app */;
			productType = "com.apple.product-type.application";
		};
		ED74707725DD93B300ADDE85 /* ProtypeTests */ = {
			isa = PBXNativeTarget;
			buildConfigurationList = ED74708F25DD93B300ADDE85 /* Build configuration list for PBXNativeTarget "ProtypeTests" */;
			buildPhases = (
				ED74707425DD93B300ADDE85 /* Sources */,
				ED74707525DD93B300ADDE85 /* Frameworks */,
				ED74707625DD93B300ADDE85 /* Resources */,
			);
			buildRules = (
			);
			dependencies = (
				ED74707A25DD93B300ADDE85 /* PBXTargetDependency */,
			);
			name = ProtypeTests;
			productName = ProtypeTests;
			productReference = ED74707825DD93B300ADDE85 /* ProtypeTests.xctest */;
			productType = "com.apple.product-type.bundle.unit-test";
		};
		ED74708225DD93B300ADDE85 /* ProtypeUITests */ = {
			isa = PBXNativeTarget;
			buildConfigurationList = ED74709225DD93B300ADDE85 /* Build configuration list for PBXNativeTarget "ProtypeUITests" */;
			buildPhases = (
				ED74707F25DD93B300ADDE85 /* Sources */,
				ED74708025DD93B300ADDE85 /* Frameworks */,
				ED74708125DD93B300ADDE85 /* Resources */,
			);
			buildRules = (
			);
			dependencies = (
				ED74708525DD93B300ADDE85 /* PBXTargetDependency */,
			);
			name = ProtypeUITests;
			productName = ProtypeUITests;
			productReference = ED74708325DD93B300ADDE85 /* ProtypeUITests.xctest */;
			productType = "com.apple.product-type.bundle.ui-testing";
		};
/* End PBXNativeTarget section */

/* Begin PBXProject section */
		ED74705F25DD93AD00ADDE85 /* Project object */ = {
			isa = PBXProject;
			attributes = {
				LastSwiftUpdateCheck = 1250;
				LastUpgradeCheck = 1250;
				TargetAttributes = {
					ED74706625DD93AD00ADDE85 = {
						CreatedOnToolsVersion = 12.5;
					};
					ED74707725DD93B300ADDE85 = {
						CreatedOnToolsVersion = 12.5;
						TestTargetID = ED74706625DD93AD00ADDE85;
					};
					ED74708225DD93B300ADDE85 = {
						CreatedOnToolsVersion = 12.5;
						TestTargetID = ED74706625DD93AD00ADDE85;
					};
				};
			};
			buildConfigurationList = ED74706225DD93AD00ADDE85 /* Build configuration list for PBXProject "Protype" */;
			compatibilityVersion = "Xcode 9.3";
			developmentRegion = en;
			hasScannedForEncodings = 0;
			knownRegions = (
				en,
				Base,
			);
			mainGroup = ED74705E25DD93AD00ADDE85;
			productRefGroup = ED74706825DD93AD00ADDE85 /* Products */;
			projectDirPath = "";
			projectRoot = "";
			targets = (
				ED74706625DD93AD00ADDE85 /* Protype */,
				ED74707725DD93B300ADDE85 /* ProtypeTests */,
				ED74708225DD93B300ADDE85 /* ProtypeUITests */,
			);
		};
/* End PBXProject section */

/* Begin PBXResourcesBuildPhase section */
		ED74706525DD93AD00ADDE85 /* Resources */ = {
			isa = PBXResourcesBuildPhase;
			buildActionMask = 2147483647;
			files = (
				ED74707225DD93B200ADDE85 /* Preview Assets.xcassets in Resources */,
				ED74706F25DD93B200ADDE85 /* Assets.xcassets in Resources */,
			);
			runOnlyForDeploymentPostprocessing = 0;
		};
		ED74707625DD93B300ADDE85 /* Resources */ = {
			isa = PBXResourcesBuildPhase;
			buildActionMask = 2147483647;
			files = (
			);
			runOnlyForDeploymentPostprocessing = 0;
		};
		ED74708125DD93B300ADDE85 /* Resources */ = {
			isa = PBXResourcesBuildPhase;
			buildActionMask = 2147483647;
			files = (
			);
			runOnlyForDeploymentPostprocessing = 0;
		};
/* End PBXResourcesBuildPhase section */

/* Begin PBXSourcesBuildPhase section */
		ED74706325DD93AD00ADDE85 /* Sources */ = {
			isa = PBXSourcesBuildPhase;
			buildActionMask = 2147483647;
			files = (
				ED74706D25DD93AD00ADDE85 /* ContentView.swift in Sources */,
				ED74706B25DD93AD00ADDE85 /* ProtypeApp.swift in Sources */,
			);
			runOnlyForDeploymentPostprocessing = 0;
		};
		ED74707425DD93B300ADDE85 /* Sources */ = {
			isa = PBXSourcesBuildPhase;
			buildActionMask = 2147483647;
			files = (
				ED74707D25DD93B300ADDE85 /* ProtypeTests.swift in Sources */,
			);
			runOnlyForDeploymentPostprocessing = 0;
		};
		ED74707F25DD93B300ADDE85 /* Sources */ = {
			isa = PBXSourcesBuildPhase;
			buildActionMask = 2147483647;
			files = (
				ED74708825DD93B300ADDE85 /* ProtypeUITests.swift in Sources */,
			);
			runOnlyForDeploymentPostprocessing = 0;
		};
/* End PBXSourcesBuildPhase section */

/* Begin PBXTargetDependency section */
		ED74707A25DD93B300ADDE85 /* PBXTargetDependency */ = {
			isa = PBXTargetDependency;
			target = ED74706625DD93AD00ADDE85 /* Protype */;
			targetProxy = ED74707925DD93B300ADDE85 /* PBXContainerItemProxy */;
		};
		ED74708525DD93B300ADDE85 /* PBXTargetDependency */ = {
			isa = PBXTargetDependency;
			target = ED74706625DD93AD00ADDE85 /* Protype */;
			targetProxy = ED74708425DD93B300ADDE85 /* PBXContainerItemProxy */;
		};
/* End PBXTargetDependency section */

/* Begin XCBuildConfiguration section */
		ED74708A25DD93B300ADDE85 /* Debug */ = {
			isa = XCBuildConfiguration;
			buildSettings = {
				ALWAYS_SEARCH_USER_PATHS = NO;
				CLANG_ANALYZER_NONNULL = YES;
				CLANG_ANALYZER_NUMBER_OBJECT_CONVERSION = YES_AGGRESSIVE;
				CLANG_CXX_LANGUAGE_STANDARD = "gnu++14";
				CLANG_CXX_LIBRARY = "libc++";
				CLANG_ENABLE_MODULES = YES;
				CLANG_ENABLE_OBJC_ARC = YES;
				CLANG_ENABLE_OBJC_WEAK = YES;
				CLANG_WARN_BLOCK_CAPTURE_AUTORELEASING = YES;
				CLANG_WARN_BOOL_CONVERSION = YES;
				CLANG_WARN_COMMA = YES;
				CLANG_WARN_CONSTANT_CONVERSION = YES;
				CLANG_WARN_DEPRECATED_OBJC_IMPLEMENTATIONS = YES;
				CLANG_WARN_DIRECT_OBJC_ISA_USAGE = YES_ERROR;
				CLANG_WARN_DOCUMENTATION_COMMENTS = YES;
				CLANG_WARN_EMPTY_BODY = YES;
				CLANG_WARN_ENUM_CONVERSION = YES;
				CLANG_WARN_INFINITE_RECURSION = YES;
				CLANG_WARN_INT_CONVERSION = YES;
				CLANG_WARN_NON_LITERAL_NULL_CONVERSION = YES;
				CLANG_WARN_OBJC_IMPLICIT_RETAIN_SELF = YES;
				CLANG_WARN_OBJC_LITERAL_CONVERSION = YES;
				CLANG_WARN_OBJC_ROOT_CLASS = YES_ERROR;
				CLANG_WARN_QUOTED_INCLUDE_IN_FRAMEWORK_HEADER = YES;
				CLANG_WARN_RANGE_LOOP_ANALYSIS = YES;
				CLANG_WARN_STRICT_PROTOTYPES = YES;
				CLANG_WARN_SUSPICIOUS_MOVE = YES;
				CLANG_WARN_UNGUARDED_AVAILABILITY = YES_AGGRESSIVE;
				CLANG_WARN_UNREACHABLE_CODE = YES;
				CLANG_WARN__DUPLICATE_METHOD_MATCH = YES;
				COPY_PHASE_STRIP = NO;
				DEBUG_INFORMATION_FORMAT = dwarf;
				ENABLE_STRICT_OBJC_MSGSEND = YES;
				ENABLE_TESTABILITY = YES;
				GCC_C_LANGUAGE_STANDARD = gnu11;
				GCC_DYNAMIC_NO_PIC = NO;
				GCC_NO_COMMON_BLOCKS = YES;
				GCC_OPTIMIZATION_LEVEL = 0;
				GCC_PREPROCESSOR_DEFINITIONS = (
					"DEBUG=1",
					"$(inherited)",
				);
				GCC_WARN_64_TO_32_BIT_CONVERSION = YES;
				GCC_WARN_ABOUT_RETURN_TYPE = YES_ERROR;
				GCC_WARN_UNDECLARED_SELECTOR = YES;
				GCC_WARN_UNINITIALIZED_AUTOS = YES_AGGRESSIVE;
				GCC_WARN_UNUSED_FUNCTION = YES;
				GCC_WARN_UNUSED_VARIABLE = YES;
				IPHONEOS_DEPLOYMENT_TARGET = 14.5;
				MTL_ENABLE_DEBUG_INFO = INCLUDE_SOURCE;
				MTL_FAST_MATH = YES;
				ONLY_ACTIVE_ARCH = YES;
				SDKROOT = iphoneos;
				SWIFT_ACTIVE_COMPILATION_CONDITIONS = DEBUG;
				SWIFT_OPTIMIZATION_LEVEL = "-Onone";
			};
			name = Debug;
		};
		ED74708B25DD93B300ADDE85 /* Release */ = {
			isa = XCBuildConfiguration;
			buildSettings = {
				ALWAYS_SEARCH_USER_PATHS = NO;
				CLANG_ANALYZER_NONNULL = YES;
				CLANG_ANALYZER_NUMBER_OBJECT_CONVERSION = YES_AGGRESSIVE;
				CLANG_CXX_LANGUAGE_STANDARD = "gnu++14";
				CLANG_CXX_LIBRARY = "libc++";
				CLANG_ENABLE_MODULES = YES;
				CLANG_ENABLE_OBJC_ARC = YES;
				CLANG_ENABLE_OBJC_WEAK = YES;
				CLANG_WARN_BLOCK_CAPTURE_AUTORELEASING = YES;
				CLANG_WARN_BOOL_CONVERSION = YES;
				CLANG_WARN_COMMA = YES;
				CLANG_WARN_CONSTANT_CONVERSION = YES;
				CLANG_WARN_DEPRECATED_OBJC_IMPLEMENTATIONS = YES;
				CLANG_WARN_DIRECT_OBJC_ISA_USAGE = YES_ERROR;
				CLANG_WARN_DOCUMENTATION_COMMENTS = YES;
				CLANG_WARN_EMPTY_BODY = YES;
				CLANG_WARN_ENUM_CONVERSION = YES;
				CLANG_WARN_INFINITE_RECURSION = YES;
				CLANG_WARN_INT_CONVERSION = YES;
				CLANG_WARN_NON_LITERAL_NULL_CONVERSION = YES;
				CLANG_WARN_OBJC_IMPLICIT_RETAIN_SELF = YES;
				CLANG_WARN_OBJC_LITERAL_CONVERSION = YES;
				CLANG_WARN_OBJC_ROOT_CLASS = YES_ERROR;
				CLANG_WARN_QUOTED_INCLUDE_IN_FRAMEWORK_HEADER = YES;
				CLANG_WARN_RANGE_LOOP_ANALYSIS = YES;
				CLANG_WARN_STRICT_PROTOTYPES = YES;
				CLANG_WARN_SUSPICIOUS_MOVE = YES;
				CLANG_WARN_UNGUARDED_AVAILABILITY = YES_AGGRESSIVE;
				CLANG_WARN_UNREACHABLE_CODE = YES;
				CLANG_WARN__DUPLICATE_METHOD_MATCH = YES;
				COPY_PHASE_STRIP = NO;
				DEBUG_INFORMATION_FORMAT = "dwarf-with-dsym";
				ENABLE_NS_ASSERTIONS = NO;
				ENABLE_STRICT_OBJC_MSGSEND = YES;
				GCC_C_LANGUAGE_STANDARD = gnu11;
				GCC_NO_COMMON_BLOCKS = YES;
				GCC_WARN_64_TO_32_BIT_CONVERSION = YES;
				GCC_WARN_ABOUT_RETURN_TYPE = YES_ERROR;
				GCC_WARN_UNDECLARED_SELECTOR = YES;
				GCC_WARN_UNINITIALIZED_AUTOS = YES_AGGRESSIVE;
				GCC_WARN_UNUSED_FUNCTION = YES;
				GCC_WARN_UNUSED_VARIABLE = YES;
				IPHONEOS_DEPLOYMENT_TARGET = 14.5;
				MTL_ENABLE_DEBUG_INFO = NO;
				MTL_FAST_MATH = YES;
				SDKROOT = iphoneos;
				SWIFT_COMPILATION_MODE = wholemodule;
				SWIFT_OPTIMIZATION_LEVEL = "-O";
				VALIDATE_PRODUCT = YES;
			};
			name = Release;
		};
		ED74708D25DD93B300ADDE85 /* Debug */ = {
			isa = XCBuildConfiguration;
			buildSettings = {
				ASSETCATALOG_COMPILER_APPICON_NAME = AppIcon;
				ASSETCATALOG_COMPILER_GLOBAL_ACCENT_COLOR_NAME = AccentColor;
				CODE_SIGN_STYLE = Automatic;
				DEVELOPMENT_ASSET_PATHS = "\"Protype/Preview Content\"";
				ENABLE_PREVIEWS = YES;
				INFOPLIST_FILE = Protype/Info.plist;
				IPHONEOS_DEPLOYMENT_TARGET = 14.0;
				LD_RUNPATH_SEARCH_PATHS = (
					"$(inherited)",
					"@executable_path/Frameworks",
				);
				PRODUCT_BUNDLE_IDENTIFIER = ferflugel.Protype;
				PRODUCT_NAME = "$(TARGET_NAME)";
				SWIFT_VERSION = 5.0;
				TARGETED_DEVICE_FAMILY = "1,2";
			};
			name = Debug;
		};
		ED74708E25DD93B300ADDE85 /* Release */ = {
			isa = XCBuildConfiguration;
			buildSettings = {
				ASSETCATALOG_COMPILER_APPICON_NAME = AppIcon;
				ASSETCATALOG_COMPILER_GLOBAL_ACCENT_COLOR_NAME = AccentColor;
				CODE_SIGN_STYLE = Automatic;
				DEVELOPMENT_ASSET_PATHS = "\"Protype/Preview Content\"";
				ENABLE_PREVIEWS = YES;
				INFOPLIST_FILE = Protype/Info.plist;
				IPHONEOS_DEPLOYMENT_TARGET = 14.0;
				LD_RUNPATH_SEARCH_PATHS = (
					"$(inherited)",
					"@executable_path/Frameworks",
				);
				PRODUCT_BUNDLE_IDENTIFIER = ferflugel.Protype;
				PRODUCT_NAME = "$(TARGET_NAME)";
				SWIFT_VERSION = 5.0;
				TARGETED_DEVICE_FAMILY = "1,2";
			};
			name = Release;
		};
		ED74709025DD93B300ADDE85 /* Debug */ = {
			isa = XCBuildConfiguration;
			buildSettings = {
				ALWAYS_EMBED_SWIFT_STANDARD_LIBRARIES = YES;
				BUNDLE_LOADER = "$(TEST_HOST)";
				CODE_SIGN_STYLE = Automatic;
				INFOPLIST_FILE = ProtypeTests/Info.plist;
				IPHONEOS_DEPLOYMENT_TARGET = 14.0;
				LD_RUNPATH_SEARCH_PATHS = (
					"$(inherited)",
					"@executable_path/Frameworks",
					"@loader_path/Frameworks",
				);
				PRODUCT_BUNDLE_IDENTIFIER = ferflugel.ProtypeTests;
				PRODUCT_NAME = "$(TARGET_NAME)";
				SWIFT_VERSION = 5.0;
				TARGETED_DEVICE_FAMILY = "1,2";
				TEST_HOST = "$(BUILT_PRODUCTS_DIR)/Protype.app/Protype";
			};
			name = Debug;
		};
		ED74709125DD93B300ADDE85 /* Release */ = {
			isa = XCBuildConfiguration;
			buildSettings = {
				ALWAYS_EMBED_SWIFT_STANDARD_LIBRARIES = YES;
				BUNDLE_LOADER = "$(TEST_HOST)";
				CODE_SIGN_STYLE = Automatic;
				INFOPLIST_FILE = ProtypeTests/Info.plist;
				IPHONEOS_DEPLOYMENT_TARGET = 14.0;
				LD_RUNPATH_SEARCH_PATHS = (
					"$(inherited)",
					"@executable_path/Frameworks",
					"@loader_path/Frameworks",
				);
				PRODUCT_BUNDLE_IDENTIFIER = ferflugel.ProtypeTests;
				PRODUCT_NAME = "$(TARGET_NAME)";
				SWIFT_VERSION = 5.0;
				TARGETED_DEVICE_FAMILY = "1,2";
				TEST_HOST = "$(BUILT_PRODUCTS_DIR)/Protype.app/Protype";
			};
			name = Release;
		};
		ED74709325DD93B300ADDE85 /* Debug */ = {
			isa = XCBuildConfiguration;
			buildSettings = {
				ALWAYS_EMBED_SWIFT_STANDARD_LIBRARIES = YES;
				CODE_SIGN_STYLE = Automatic;
				INFOPLIST_FILE = ProtypeUITests/Info.plist;
				LD_RUNPATH_SEARCH_PATHS = (
					"$(inherited)",
					"@executable_path/Frameworks",
					"@loader_path/Frameworks",
				);
				PRODUCT_BUNDLE_IDENTIFIER = ferflugel.ProtypeUITests;
				PRODUCT_NAME = "$(TARGET_NAME)";
				SWIFT_VERSION = 5.0;
				TARGETED_DEVICE_FAMILY = "1,2";
				TEST_TARGET_NAME = Protype;
			};
			name = Debug;
		};
		ED74709425DD93B300ADDE85 /* Release */ = {
			isa = XCBuildConfiguration;
			buildSettings = {
				ALWAYS_EMBED_SWIFT_STANDARD_LIBRARIES = YES;
				CODE_SIGN_STYLE = Automatic;
				INFOPLIST_FILE = ProtypeUITests/Info.plist;
				LD_RUNPATH_SEARCH_PATHS = (
					"$(inherited)",
					"@executable_path/Frameworks",
					"@loader_path/Frameworks",
				);
				PRODUCT_BUNDLE_IDENTIFIER = ferflugel.ProtypeUITests;
				PRODUCT_NAME = "$(TARGET_NAME)";
				SWIFT_VERSION = 5.0;
				TARGETED_DEVICE_FAMILY = "1,2";
				TEST_TARGET_NAME = Protype;
			};
			name = Release;
		};
/* End XCBuildConfiguration section */

/* Begin XCConfigurationList section */
		ED74706225DD93AD00ADDE85 /* Build configuration list for PBXProject "Protype" */ = {
			isa = XCConfigurationList;
			buildConfigurations = (
				ED74708A25DD93B300ADDE85 /* Debug */,
				ED74708B25DD93B300ADDE85 /* Release */,
			);
			defaultConfigurationIsVisible = 0;
			defaultConfigurationName = Release;
		};
		ED74708C25DD93B300ADDE85 /* Build configuration list for PBXNativeTarget "Protype" */ = {
			isa = XCConfigurationList;
			buildConfigurations = (
				ED74708D25DD93B300ADDE85 /* Debug */,
				ED74708E25DD93B300ADDE85 /* Release */,
			);
			defaultConfigurationIsVisible = 0;
			defaultConfigurationName = Release;
		};
		ED74708F25DD93B300ADDE85 /* Build configuration list for PBXNativeTarget "ProtypeTests" */ = {
			isa = XCConfigurationList;
			buildConfigurations = (
				ED74709025DD93B300ADDE85 /* Debug */,
				ED74709125DD93B300ADDE85 /* Release */,
			);
			defaultConfigurationIsVisible = 0;
			defaultConfigurationName = Release;
		};
		ED74709225DD93B300ADDE85 /* Build configuration list for PBXNativeTarget "ProtypeUITests" */ = {
			isa = XCConfigurationList;
			buildConfigurations = (
				ED74709325DD93B300ADDE85 /* Debug */,
				ED74709425DD93B300ADDE85 /* Release */,
			);
			defaultConfigurationIsVisible = 0;
			defaultConfigurationName = Release;
		};
/* End XCConfigurationList section */
	};
	rootObject = ED74705F25DD93AD00ADDE85 /* Project object */;
}
